
Microsoft Visual Studio Solution File, Format Version 12.00
# Visual Studio Version 17
VisualStudioVersion = 17.14.36127.28 d17.14
MinimumVisualStudioVersion = 10.0.40219.1
Project("{FAE04EC0-301F-11D3-BF4B-00C04F79EFBC}") = "ASPNetGerenciadorProjetos", "ASPNetGerenciadorProjetos\ASPNetGerenciadorProjetos.csproj", "{FA9418C4-2A4F-41DF-A3AE-B47F997C4D9F}"
EndProject
Global
	GlobalSection(SolutionConfigurationPlatforms) = preSolution
		Debug|Any CPU = Debug|Any CPU
		Release|Any CPU = Release|Any CPU
	EndGlobalSection
	GlobalSection(ProjectConfigurationPlatforms) = postSolution
		{FA9418C4-2A4F-41DF-A3AE-B47F997C4D9F}.Debug|Any CPU.ActiveCfg = Debug|Any CPU
		{FA9418C4-2A4F-41DF-A3AE-B47F997C4D9F}.Debug|Any CPU.Build.0 = Debug|Any CPU
		{FA9418C4-2A4F-41DF-A3AE-B47F997C4D9F}.Release|Any CPU.ActiveCfg = Release|Any CPU
		{FA9418C4-2A4F-41DF-A3AE-B47F997C4D9F}.Release|Any CPU.Build.0 = Release|Any CPU
	EndGlobalSection
	GlobalSection(SolutionProperties) = preSolution
		HideSolutionNode = FALSE
	EndGlobalSection
	GlobalSection(ExtensibilityGlobals) = postSolution
		SolutionGuid = {AB57AF54-8E52-4ACA-AE57-CAD0077F9F76}
	EndGlobalSection
EndGlobal
